// !$*UTF8*$!
{
	archiveVersion = 1;
	classes = {
	};
	objectVersion = 46;
	objects = {

/* Begin PBXBuildFile section */
		B582D3001C143D8200AC0F4E /* AZXSearchController.m in Sources */ = {isa = PBXBuildFile; fileRef = B582D2FD1C143D8200AC0F4E /* AZXSearchController.m */; };
		B582D3011C143D8200AC0F4E /* UIView+Location.m in Sources */ = {isa = PBXBuildFile; fileRef = B582D2FF1C143D8200AC0F4E /* UIView+Location.m */; };
		B5A3E7091C12EBB200BD3685 /* main.m in Sources */ = {isa = PBXBuildFile; fileRef = B5A3E7081C12EBB200BD3685 /* main.m */; };
		B5A3E70C1C12EBB200BD3685 /* AppDelegate.m in Sources */ = {isa = PBXBuildFile; fileRef = B5A3E70B1C12EBB200BD3685 /* AppDelegate.m */; };
		B5A3E70F1C12EBB200BD3685 /* ViewController.m in Sources */ = {isa = PBXBuildFile; fileRef = B5A3E70E1C12EBB200BD3685 /* ViewController.m */; };
		B5A3E7141C12EBB200BD3685 /* Assets.xcassets in Resources */ = {isa = PBXBuildFile; fileRef = B5A3E7131C12EBB200BD3685 /* Assets.xcassets */; };
		B5A3E7171C12EBB200BD3685 /* LaunchScreen.storyboard in Resources */ = {isa = PBXBuildFile; fileRef = B5A3E7151C12EBB200BD3685 /* LaunchScreen.storyboard */; };
		B5A3E7221C12EBB200BD3685 /* AZXSearchControllerDemoTests.m in Sources */ = {isa = PBXBuildFile; fileRef = B5A3E7211C12EBB200BD3685 /* AZXSearchControllerDemoTests.m */; };
		B5A3E72D1C12EBB200BD3685 /* AZXSearchControllerDemoUITests.m in Sources */ = {isa = PBXBuildFile; fileRef = B5A3E72C1C12EBB200BD3685 /* AZXSearchControllerDemoUITests.m */; };
/* End PBXBuildFile section */

/* Begin PBXContainerItemProxy section */
		B5A3E71E1C12EBB200BD3685 /* PBXContainerItemProxy */ = {
			isa = PBXContainerItemProxy;
			containerPortal = B5A3E6FC1C12EBB200BD3685 /* Project object */;
			proxyType = 1;
			remoteGlobalIDString = B5A3E7031C12EBB200BD3685;
			remoteInfo = AZXSearchControllerDemo;
		};
		B5A3E7291C12EBB200BD3685 /* PBXContainerItemProxy */ = {
			isa = PBXContainerItemProxy;
			containerPortal = B5A3E6FC1C12EBB200BD3685 /* Project object */;
			proxyType = 1;
			remoteGlobalIDString = B5A3E7031C12EBB200BD3685;
			remoteInfo = AZXSearchControllerDemo;
		};
/* End PBXContainerItemProxy section */

/* Begin PBXFileReference section */
		B582D2FC1C143D8200AC0F4E /* AZXSearchController.h */ = {isa = PBXFileReference; fileEncoding = 4; lastKnownFileType = sourcecode.c.h; path = AZXSearchController.h; sourceTree = "<group>"; };
		B582D2FD1C143D8200AC0F4E /* AZXSearchController.m */ = {isa = PBXFileReference; fileEncoding = 4; lastKnownFileType = sourcecode.c.objc; path = AZXSearchController.m; sourceTree = "<group>"; };
		B582D2FE1C143D8200AC0F4E /* UIView+Location.h */ = {isa = PBXFileReference; fileEncoding = 4; lastKnownFileType = sourcecode.c.h; path = "UIView+Location.h"; sourceTree = "<group>"; };
		B582D2FF1C143D8200AC0F4E /* UIView+Location.m */ = {isa = PBXFileReference; fileEncoding = 4; lastKnownFileType = sourcecode.c.objc; path = "UIView+Location.m"; sourceTree = "<group>"; };
		B5A3E7041C12EBB200BD3685 /* AZXSearchControllerDemo.app */ = {isa = PBXFileReference; explicitFileType = wrapper.application; includeInIndex = 0; path = AZXSearchControllerDemo.app; sourceTree = BUILT_PRODUCTS_DIR; };
		B5A3E7081C12EBB200BD3685 /* main.m */ = {isa = PBXFileReference; lastKnownFileType = sourcecode.c.objc; path = main.m; sourceTree = "<group>"; };
		B5A3E70A1C12EBB200BD3685 /* AppDelegate.h */ = {isa = PBXFileReference; lastKnownFileType = sourcecode.c.h; path = AppDelegate.h; sourceTree = "<group>"; };
		B5A3E70B1C12EBB200BD3685 /* AppDelegate.m */ = {isa = PBXFileReference; lastKnownFileType = sourcecode.c.objc; path = AppDelegate.m; sourceTree = "<group>"; };
		B5A3E70D1C12EBB200BD3685 /* ViewController.h */ = {isa = PBXFileReference; lastKnownFileType = sourcecode.c.h; path = ViewController.h; sourceTree = "<group>"; };
		B5A3E70E1C12EBB200BD3685 /* ViewController.m */ = {isa = PBXFileReference; lastKnownFileType = sourcecode.c.objc; path = ViewController.m; sourceTree = "<group>"; };
		B5A3E7131C12EBB200BD3685 /* Assets.xcassets */ = {isa = PBXFileReference; lastKnownFileType = folder.assetcatalog; path = Assets.xcassets; sourceTree = "<group>"; };
		B5A3E7161C12EBB200BD3685 /* Base */ = {isa = PBXFileReference; lastKnownFileType = file.storyboard; name = Base; path = Base.lproj/LaunchScreen.storyboard; sourceTree = "<group>"; };
		B5A3E7181C12EBB200BD3685 /* Info.plist */ = {isa = PBXFileReference; lastKnownFileType = text.plist.xml; path = Info.plist; sourceTree = "<group>"; };
		B5A3E71D1C12EBB200BD3685 /* AZXSearchControllerDemoTests.xctest */ = {isa = PBXFileReference; explicitFileType = wrapper.cfbundle; includeInIndex = 0; path = AZXSearchControllerDemoTests.xctest; sourceTree = BUILT_PRODUCTS_DIR; };
		B5A3E7211C12EBB200BD3685 /* AZXSearchControllerDemoTests.m */ = {isa = PBXFileReference; lastKnownFileType = sourcecode.c.objc; path = AZXSearchControllerDemoTests.m; sourceTree = "<group>"; };
		B5A3E7231C12EBB200BD3685 /* Info.plist */ = {isa = PBXFileReference; lastKnownFileType = text.plist.xml; path = Info.plist; sourceTree = "<group>"; };
		B5A3E7281C12EBB200BD3685 /* AZXSearchControllerDemoUITests.xctest */ = {isa = PBXFileReference; explicitFileType = wrapper.cfbundle; includeInIndex = 0; path = AZXSearchControllerDemoUITests.xctest; sourceTree = BUILT_PRODUCTS_DIR; };
		B5A3E72C1C12EBB200BD3685 /* AZXSearchControllerDemoUITests.m */ = {isa = PBXFileReference; lastKnownFileType = sourcecode.c.objc; path = AZXSearchControllerDemoUITests.m; sourceTree = "<group>"; };
		B5A3E72E1C12EBB200BD3685 /* Info.plist */ = {isa = PBXFileReference; lastKnownFileType = text.plist.xml; path = Info.plist; sourceTree = "<group>"; };
/* End PBXFileReference section */

/* Begin PBXFrameworksBuildPhase section */
		B5A3E7011C12EBB200BD3685 /* Frameworks */ = {
			isa = PBXFrameworksBuildPhase;
			buildActionMask = 2147483647;
			files = (
			);
			runOnlyForDeploymentPostprocessing = 0;
		};
		B5A3E71A1C12EBB200BD3685 /* Frameworks */ = {
			isa = PBXFrameworksBuildPhase;
			buildActionMask = 2147483647;
			files = (
			);
			runOnlyForDeploymentPostprocessing = 0;
		};
		B5A3E7251C12EBB200BD3685 /* Frameworks */ = {
			isa = PBXFrameworksBuildPhase;
			buildActionMask = 2147483647;
			files = (
			);
			runOnlyForDeploymentPostprocessing = 0;
		};
/* End PBXFrameworksBuildPhase section */

/* Begin PBXGroup section */
		B582D2FB1C143D8200AC0F4E /* YMHSearchController */ = {
			isa = PBXGroup;
			children = (
				B582D2FC1C143D8200AC0F4E /* AZXSearchController.h */,
				B582D2FD1C143D8200AC0F4E /* AZXSearchController.m */,
				B582D2FE1C143D8200AC0F4E /* UIView+Location.h */,
				B582D2FF1C143D8200AC0F4E /* UIView+Location.m */,
			);
			path = YMHSearchController;
			sourceTree = "<group>";
		};
		B5A3E6FB1C12EBB200BD3685 = {
			isa = PBXGroup;
			children = (
				B5A3E7061C12EBB200BD3685 /* AZXSearchControllerDemo */,
				B5A3E7201C12EBB200BD3685 /* AZXSearchControllerDemoTests */,
				B5A3E72B1C12EBB200BD3685 /* AZXSearchControllerDemoUITests */,
				B5A3E7051C12EBB200BD3685 /* Products */,
			);
			sourceTree = "<group>";
		};
		B5A3E7051C12EBB200BD3685 /* Products */ = {
			isa = PBXGroup;
			children = (
				B5A3E7041C12EBB200BD3685 /* AZXSearchControllerDemo.app */,
				B5A3E71D1C12EBB200BD3685 /* AZXSearchControllerDemoTests.xctest */,
				B5A3E7281C12EBB200BD3685 /* AZXSearchControllerDemoUITests.xctest */,
			);
			name = Products;
			sourceTree = "<group>";
		};
		B5A3E7061C12EBB200BD3685 /* AZXSearchControllerDemo */ = {
			isa = PBXGroup;
			children = (
				B582D2FB1C143D8200AC0F4E /* YMHSearchController */,
				B5A3E70D1C12EBB200BD3685 /* ViewController.h */,
				B5A3E70E1C12EBB200BD3685 /* ViewController.m */,
				B5A3E7071C12EBB200BD3685 /* Supporting Files */,
			);
			path = AZXSearchControllerDemo;
			sourceTree = "<group>";
		};
		B5A3E7071C12EBB200BD3685 /* Supporting Files */ = {
			isa = PBXGroup;
			children = (
				B5A3E70A1C12EBB200BD3685 /* AppDelegate.h */,
				B5A3E70B1C12EBB200BD3685 /* AppDelegate.m */,
				B5A3E7081C12EBB200BD3685 /* main.m */,
				B5A3E7131C12EBB200BD3685 /* Assets.xcassets */,
				B5A3E7151C12EBB200BD3685 /* LaunchScreen.storyboard */,
				B5A3E7181C12EBB200BD3685 /* Info.plist */,
			);
			name = "Supporting Files";
			sourceTree = "<group>";
		};
		B5A3E7201C12EBB200BD3685 /* AZXSearchControllerDemoTests */ = {
			isa = PBXGroup;
			children = (
				B5A3E7211C12EBB200BD3685 /* AZXSearchControllerDemoTests.m */,
				B5A3E7231C12EBB200BD3685 /* Info.plist */,
			);
			path = AZXSearchControllerDemoTests;
			sourceTree = "<group>";
		};
		B5A3E72B1C12EBB200BD3685 /* AZXSearchControllerDemoUITests */ = {
			isa = PBXGroup;
			children = (
				B5A3E72C1C12EBB200BD3685 /* AZXSearchControllerDemoUITests.m */,
				B5A3E72E1C12EBB200BD3685 /* Info.plist */,
			);
			path = AZXSearchControllerDemoUITests;
			sourceTree = "<group>";
		};
/* End PBXGroup section */

/* Begin PBXNativeTarget section */
		B5A3E7031C12EBB200BD3685 /* AZXSearchControllerDemo */ = {
			isa = PBXNativeTarget;
			buildConfigurationList = B5A3E7311C12EBB200BD3685 /* Build configuration list for PBXNativeTarget "AZXSearchControllerDemo" */;
			buildPhases = (
				B5A3E7001C12EBB200BD3685 /* Sources */,
				B5A3E7011C12EBB200BD3685 /* Frameworks */,
				B5A3E7021C12EBB200BD3685 /* Resources */,
			);
			buildRules = (
			);
			dependencies = (
			);
			name = AZXSearchControllerDemo;
			productName = AZXSearchControllerDemo;
			productReference = B5A3E7041C12EBB200BD3685 /* AZXSearchControllerDemo.app */;
			productType = "com.apple.product-type.application";
		};
		B5A3E71C1C12EBB200BD3685 /* AZXSearchControllerDemoTests */ = {
			isa = PBXNativeTarget;
			buildConfigurationList = B5A3E7341C12EBB200BD3685 /* Build configuration list for PBXNativeTarget "AZXSearchControllerDemoTests" */;
			buildPhases = (
				B5A3E7191C12EBB200BD3685 /* Sources */,
				B5A3E71A1C12EBB200BD3685 /* Frameworks */,
				B5A3E71B1C12EBB200BD3685 /* Resources */,
			);
			buildRules = (
			);
			dependencies = (
				B5A3E71F1C12EBB200BD3685 /* PBXTargetDependency */,
			);
			name = AZXSearchControllerDemoTests;
			productName = AZXSearchControllerDemoTests;
			productReference = B5A3E71D1C12EBB200BD3685 /* AZXSearchControllerDemoTests.xctest */;
			productType = "com.apple.product-type.bundle.unit-test";
		};
		B5A3E7271C12EBB200BD3685 /* AZXSearchControllerDemoUITests */ = {
			isa = PBXNativeTarget;
			buildConfigurationList = B5A3E7371C12EBB200BD3685 /* Build configuration list for PBXNativeTarget "AZXSearchControllerDemoUITests" */;
			buildPhases = (
				B5A3E7241C12EBB200BD3685 /* Sources */,
				B5A3E7251C12EBB200BD3685 /* Frameworks */,
				B5A3E7261C12EBB200BD3685 /* Resources */,
			);
			buildRules = (
			);
			dependencies = (
				B5A3E72A1C12EBB200BD3685 /* PBXTargetDependency */,
			);
			name = AZXSearchControllerDemoUITests;
			productName = AZXSearchControllerDemoUITests;
			productReference = B5A3E7281C12EBB200BD3685 /* AZXSearchControllerDemoUITests.xctest */;
			productType = "com.apple.product-type.bundle.ui-testing";
		};
/* End PBXNativeTarget section */

/* Begin PBXProject section */
		B5A3E6FC1C12EBB200BD3685 /* Project object */ = {
			isa = PBXProject;
			attributes = {
				LastUpgradeCheck = 0710;
				ORGANIZATIONNAME = Azen.Xu;
				TargetAttributes = {
					B5A3E7031C12EBB200BD3685 = {
						CreatedOnToolsVersion = 7.1.1;
					};
					B5A3E71C1C12EBB200BD3685 = {
						CreatedOnToolsVersion = 7.1.1;
						TestTargetID = B5A3E7031C12EBB200BD3685;
					};
					B5A3E7271C12EBB200BD3685 = {
						CreatedOnToolsVersion = 7.1.1;
						TestTargetID = B5A3E7031C12EBB200BD3685;
					};
				};
			};
			buildConfigurationList = B5A3E6FF1C12EBB200BD3685 /* Build configuration list for PBXProject "AZXSearchControllerDemo" */;
			compatibilityVersion = "Xcode 3.2";
			developmentRegion = English;
			hasScannedForEncodings = 0;
			knownRegions = (
				en,
				Base,
			);
			mainGroup = B5A3E6FB1C12EBB200BD3685;
			productRefGroup = B5A3E7051C12EBB200BD3685 /* Products */;
			projectDirPath = "";
			projectRoot = "";
			targets = (
				B5A3E7031C12EBB200BD3685 /* AZXSearchControllerDemo */,
				B5A3E71C1C12EBB200BD3685 /* AZXSearchControllerDemoTests */,
				B5A3E7271C12EBB200BD3685 /* AZXSearchControllerDemoUITests */,
			);
		};
/* End PBXProject section */

/* Begin PBXResourcesBuildPhase section */
		B5A3E7021C12EBB200BD3685 /* Resources */ = {
			isa = PBXResourcesBuildPhase;
			buildActionMask = 2147483647;
			files = (
				B5A3E7171C12EBB200BD3685 /* LaunchScreen.storyboard in Resources */,
				B5A3E7141C12EBB200BD3685 /* Assets.xcassets in Resources */,
			);
			runOnlyForDeploymentPostprocessing = 0;
		};
		B5A3E71B1C12EBB200BD3685 /* Resources */ = {
			isa = PBXResourcesBuildPhase;
			buildActionMask = 2147483647;
			files = (
			);
			runOnlyForDeploymentPostprocessing = 0;
		};
		B5A3E7261C12EBB200BD3685 /* Resources */ = {
			isa = PBXResourcesBuildPhase;
			buildActionMask = 2147483647;
			files = (
			);
			runOnlyForDeploymentPostprocessing = 0;
		};
/* End PBXResourcesBuildPhase section */

/* Begin PBXSourcesBuildPhase section */
		B5A3E7001C12EBB200BD3685 /* Sources */ = {
			isa = PBXSourcesBuildPhase;
			buildActionMask = 2147483647;
			files = (
				B5A3E70F1C12EBB200BD3685 /* ViewController.m in Sources */,
				B582D3001C143D8200AC0F4E /* AZXSearchController.m in Sources */,
				B582D3011C143D8200AC0F4E /* UIView+Location.m in Sources */,
				B5A3E70C1C12EBB200BD3685 /* AppDelegate.m in Sources */,
				B5A3E7091C12EBB200BD3685 /* main.m in Sources */,
			);
			runOnlyForDeploymentPostprocessing = 0;
		};
		B5A3E7191C12EBB200BD3685 /* Sources */ = {
			isa = PBXSourcesBuildPhase;
			buildActionMask = 2147483647;
			files = (
				B5A3E7221C12EBB200BD3685 /* AZXSearchControllerDemoTests.m in Sources */,
			);
			runOnlyForDeploymentPostprocessing = 0;
		};
		B5A3E7241C12EBB200BD3685 /* Sources */ = {
			isa = PBXSourcesBuildPhase;
			buildActionMask = 2147483647;
			files = (
				B5A3E72D1C12EBB200BD3685 /* AZXSearchControllerDemoUITests.m in Sources */,
			);
			runOnlyForDeploymentPostprocessing = 0;
		};
/* End PBXSourcesBuildPhase section */

/* Begin PBXTargetDependency section */
		B5A3E71F1C12EBB200BD3685 /* PBXTargetDependency */ = {
			isa = PBXTargetDependency;
			target = B5A3E7031C12EBB200BD3685 /* AZXSearchControllerDemo */;
			targetProxy = B5A3E71E1C12EBB200BD3685 /* PBXContainerItemProxy */;
		};
		B5A3E72A1C12EBB200BD3685 /* PBXTargetDependency */ = {
			isa = PBXTargetDependency;
			target = B5A3E7031C12EBB200BD3685 /* AZXSearchControllerDemo */;
			targetProxy = B5A3E7291C12EBB200BD3685 /* PBXContainerItemProxy */;
		};
/* End PBXTargetDependency section */

/* Begin PBXVariantGroup section */
		B5A3E7151C12EBB200BD3685 /* LaunchScreen.storyboard */ = {
			isa = PBXVariantGroup;
			children = (
				B5A3E7161C12EBB200BD3685 /* Base */,
			);
			name = LaunchScreen.storyboard;
			sourceTree = "<group>";
		};
/* End PBXVariantGroup section */

/* Begin XCBuildConfiguration section */
		B5A3E72F1C12EBB200BD3685 /* Debug */ = {
			isa = XCBuildConfiguration;
			buildSettings = {
				ALWAYS_SEARCH_USER_PATHS = NO;
				CLANG_CXX_LANGUAGE_STANDARD = "gnu++0x";
				CLANG_CXX_LIBRARY = "libc++";
				CLANG_ENABLE_MODULES = YES;
				CLANG_ENABLE_OBJC_ARC = YES;
				CLANG_WARN_BOOL_CONVERSION = YES;
				CLANG_WARN_CONSTANT_CONVERSION = YES;
				CLANG_WARN_DIRECT_OBJC_ISA_USAGE = YES_ERROR;
				CLANG_WARN_EMPTY_BODY = YES;
				CLANG_WARN_ENUM_CONVERSION = YES;
				CLANG_WARN_INT_CONVERSION = YES;
				CLANG_WARN_OBJC_ROOT_CLASS = YES_ERROR;
				CLANG_WARN_UNREACHABLE_CODE = YES;
				CLANG_WARN__DUPLICATE_METHOD_MATCH = YES;
				"CODE_SIGN_IDENTITY[sdk=iphoneos*]" = "iPhone Developer";
				COPY_PHASE_STRIP = NO;
				DEBUG_INFORMATION_FORMAT = dwarf;
				ENABLE_STRICT_OBJC_MSGSEND = YES;
				ENABLE_TESTABILITY = YES;
				GCC_C_LANGUAGE_STANDARD = gnu99;
				GCC_DYNAMIC_NO_PIC = NO;
				GCC_NO_COMMON_BLOCKS = YES;
				GCC_OPTIMIZATION_LEVEL = 0;
				GCC_PREPROCESSOR_DEFINITIONS = (
					"DEBUG=1",
					"$(inherited)",
				);
				GCC_WARN_64_TO_32_BIT_CONVERSION = YES;
				GCC_WARN_ABOUT_RETURN_TYPE = YES_ERROR;
				GCC_WARN_UNDECLARED_SELECTOR = YES;
				GCC_WARN_UNINITIALIZED_AUTOS = YES_AGGRESSIVE;
				GCC_WARN_UNUSED_FUNCTION = YES;
				GCC_WARN_UNUSED_VARIABLE = YES;
				IPHONEOS_DEPLOYMENT_TARGET = 9.1;
				MTL_ENABLE_DEBUG_INFO = YES;
				ONLY_ACTIVE_ARCH = YES;
				SDKROOT = iphoneos;
			};
			name = Debug;
		};
		B5A3E7301C12EBB200BD3685 /* Release */ = {
			isa = XCBuildConfiguration;
			buildSettings = {
				ALWAYS_SEARCH_USER_PATHS = NO;
				CLANG_CXX_LANGUAGE_STANDARD = "gnu++0x";
				CLANG_CXX_LIBRARY = "libc++";
				CLANG_ENABLE_MODULES = YES;
				CLANG_ENABLE_OBJC_ARC = YES;
				CLANG_WARN_BOOL_CONVERSION = YES;
				CLANG_WARN_CONSTANT_CONVERSION = YES;
				CLANG_WARN_DIRECT_OBJC_ISA_USAGE = YES_ERROR;
				CLANG_WARN_EMPTY_BODY = YES;
				CLANG_WARN_ENUM_CONVERSION = YES;
				CLANG_WARN_INT_CONVERSION = YES;
				CLANG_WARN_OBJC_ROOT_CLASS = YES_ERROR;
				CLANG_WARN_UNREACHABLE_CODE = YES;
				CLANG_WARN__DUPLICATE_METHOD_MATCH = YES;
				"CODE_SIGN_IDENTITY[sdk=iphoneos*]" = "iPhone Developer";
				COPY_PHASE_STRIP = NO;
				DEBUG_INFORMATION_FORMAT = "dwarf-with-dsym";
				ENABLE_NS_ASSERTIONS = NO;
				ENABLE_STRICT_OBJC_MSGSEND = YES;
				GCC_C_LANGUAGE_STANDARD = gnu99;
				GCC_NO_COMMON_BLOCKS = YES;
				GCC_WARN_64_TO_32_BIT_CONVERSION = YES;
				GCC_WARN_ABOUT_RETURN_TYPE = YES_ERROR;
				GCC_WARN_UNDECLARED_SELECTOR = YES;
				GCC_WARN_UNINITIALIZED_AUTOS = YES_AGGRESSIVE;
				GCC_WARN_UNUSED_FUNCTION = YES;
				GCC_WARN_UNUSED_VARIABLE = YES;
				IPHONEOS_DEPLOYMENT_TARGET = 9.1;
				MTL_ENABLE_DEBUG_INFO = NO;
				SDKROOT = iphoneos;
				VALIDATE_PRODUCT = YES;
			};
			name = Release;
		};
		B5A3E7321C12EBB200BD3685 /* Debug */ = {
			isa = XCBuildConfiguration;
			buildSettings = {
				ASSETCATALOG_COMPILER_APPICON_NAME = AppIcon;
				INFOPLIST_FILE = AZXSearchControllerDemo/Info.plist;
				LD_RUNPATH_SEARCH_PATHS = "$(inherited) @executable_path/Frameworks";
				PRODUCT_BUNDLE_IDENTIFIER = com.azen.AZXSearchControllerDemo;
				PRODUCT_NAME = "$(TARGET_NAME)";
			};
			name = Debug;
		};
		B5A3E7331C12EBB200BD3685 /* Release */ = {
			isa = XCBuildConfiguration;
			buildSettings = {
				ASSETCATALOG_COMPILER_APPICON_NAME = AppIcon;
				INFOPLIST_FILE = AZXSearchControllerDemo/Info.plist;
				LD_RUNPATH_SEARCH_PATHS = "$(inherited) @executable_path/Frameworks";
				PRODUCT_BUNDLE_IDENTIFIER = com.azen.AZXSearchControllerDemo;
				PRODUCT_NAME = "$(TARGET_NAME)";
			};
			name = Release;
		};
		B5A3E7351C12EBB200BD3685 /* Debug */ = {
			isa = XCBuildConfiguration;
			buildSettings = {
				BUNDLE_LOADER = "$(TEST_HOST)";
				INFOPLIST_FILE = AZXSearchControllerDemoTests/Info.plist;
				LD_RUNPATH_SEARCH_PATHS = "$(inherited) @executable_path/Frameworks @loader_path/Frameworks";
				PRODUCT_BUNDLE_IDENTIFIER = com.azen.AZXSearchControllerDemoTests;
				PRODUCT_NAME = "$(TARGET_NAME)";
				TEST_HOST = "$(BUILT_PRODUCTS_DIR)/AZXSearchControllerDemo.app/AZXSearchControllerDemo";
			};
			name = Debug;
		};
		B5A3E7361C12EBB200BD3685 /* Release */ = {
			isa = XCBuildConfiguration;
			buildSettings = {
				BUNDLE_LOADER = "$(TEST_HOST)";
				INFOPLIST_FILE = AZXSearchControllerDemoTests/Info.plist;
				LD_RUNPATH_SEARCH_PATHS = "$(inherited) @executable_path/Frameworks @loader_path/Frameworks";
				PRODUCT_BUNDLE_IDENTIFIER = com.azen.AZXSearchControllerDemoTests;
				PRODUCT_NAME = "$(TARGET_NAME)";
				TEST_HOST = "$(BUILT_PRODUCTS_DIR)/AZXSearchControllerDemo.app/AZXSearchControllerDemo";
			};
			name = Release;
		};
		B5A3E7381C12EBB200BD3685 /* Debug */ = {
			isa = XCBuildConfiguration;
			buildSettings = {
				INFOPLIST_FILE = AZXSearchControllerDemoUITests/Info.plist;
				LD_RUNPATH_SEARCH_PATHS = "$(inherited) @executable_path/Frameworks @loader_path/Frameworks";
				PRODUCT_BUNDLE_IDENTIFIER = com.azen.AZXSearchControllerDemoUITests;
				PRODUCT_NAME = "$(TARGET_NAME)";
				TEST_TARGET_NAME = AZXSearchControllerDemo;
				USES_XCTRUNNER = YES;
			};
			name = Debug;
		};
		B5A3E7391C12EBB200BD3685 /* Release */ = {
			isa = XCBuildConfiguration;
			buildSettings = {
				INFOPLIST_FILE = AZXSearchControllerDemoUITests/Info.plist;
				LD_RUNPATH_SEARCH_PATHS = "$(inherited) @executable_path/Frameworks @loader_path/Frameworks";
				PRODUCT_BUNDLE_IDENTIFIER = com.azen.AZXSearchControllerDemoUITests;
				PRODUCT_NAME = "$(TARGET_NAME)";
				TEST_TARGET_NAME = AZXSearchControllerDemo;
				USES_XCTRUNNER = YES;
			};
			name = Release;
		};
/* End XCBuildConfiguration section */

/* Begin XCConfigurationList section */
		B5A3E6FF1C12EBB200BD3685 /* Build configuration list for PBXProject "AZXSearchControllerDemo" */ = {
			isa = XCConfigurationList;
			buildConfigurations = (
				B5A3E72F1C12EBB200BD3685 /* Debug */,
				B5A3E7301C12EBB200BD3685 /* Release */,
			);
			defaultConfigurationIsVisible = 0;
			defaultConfigurationName = Release;
		};
		B5A3E7311C12EBB200BD3685 /* Build configuration list for PBXNativeTarget "AZXSearchControllerDemo" */ = {
			isa = XCConfigurationList;
			buildConfigurations = (
				B5A3E7321C12EBB200BD3685 /* Debug */,
				B5A3E7331C12EBB200BD3685 /* Release */,
			);
			defaultConfigurationIsVisible = 0;
			defaultConfigurationName = Release;
		};
		B5A3E7341C12EBB200BD3685 /* Build configuration list for PBXNativeTarget "AZXSearchControllerDemoTests" */ = {
			isa = XCConfigurationList;
			buildConfigurations = (
				B5A3E7351C12EBB200BD3685 /* Debug */,
				B5A3E7361C12EBB200BD3685 /* Release */,
			);
			defaultConfigurationIsVisible = 0;
			defaultConfigurationName = Release;
		};
		B5A3E7371C12EBB200BD3685 /* Build configuration list for PBXNativeTarget "AZXSearchControllerDemoUITests" */ = {
			isa = XCConfigurationList;
			buildConfigurations = (
				B5A3E7381C12EBB200BD3685 /* Debug */,
				B5A3E7391C12EBB200BD3685 /* Release */,
			);
			defaultConfigurationIsVisible = 0;
			defaultConfigurationName = Release;
		};
/* End XCConfigurationList section */
	};
	rootObject = B5A3E6FC1C12EBB200BD3685 /* Project object */;
}
